
Microsoft Visual Studio Solution File, Format Version 12.00
# Visual Studio Version 16
VisualStudioVersion = 16.0.32126.315
MinimumVisualStudioVersion = 10.0.40219.1
Project("{9A19103F-16F7-4668-BE54-9A1E7A4F7556}") = "BudgetApp", "BudgetApp\BudgetApp.csproj", "{BAAF6827-54B8-4CBD-9F04-B04278D16699}"
EndProject
Project("{FAE04EC0-301F-11D3-BF4B-00C04F79EFBC}") = "BudgetClassLib", "BudgetClassLib\BudgetClassLib.csproj", "{5013E8EC-42B6-4558-B3C1-067C75C76507}"
EndProject
Global
	GlobalSection(SolutionConfigurationPlatforms) = preSolution
		Debug|Any CPU = Debug|Any CPU
		Release|Any CPU = Release|Any CPU
	EndGlobalSection
	GlobalSection(ProjectConfigurationPlatforms) = postSolution
		{BAAF6827-54B8-4CBD-9F04-B04278D16699}.Debug|Any CPU.ActiveCfg = Debug|Any CPU
		{BAAF6827-54B8-4CBD-9F04-B04278D16699}.Debug|Any CPU.Build.0 = Debug|Any CPU
		{BAAF6827-54B8-4CBD-9F04-B04278D16699}.Release|Any CPU.ActiveCfg = Release|Any CPU
		{BAAF6827-54B8-4CBD-9F04-B04278D16699}.Release|Any CPU.Build.0 = Release|Any CPU
		{5013E8EC-42B6-4558-B3C1-067C75C76507}.Debug|Any CPU.ActiveCfg = Debug|Any CPU
		{5013E8EC-42B6-4558-B3C1-067C75C76507}.Debug|Any CPU.Build.0 = Debug|Any CPU
		{5013E8EC-42B6-4558-B3C1-067C75C76507}.Release|Any CPU.ActiveCfg = Release|Any CPU
		{5013E8EC-42B6-4558-B3C1-067C75C76507}.Release|Any CPU.Build.0 = Release|Any CPU
	EndGlobalSection
	GlobalSection(SolutionProperties) = preSolution
		HideSolutionNode = FALSE
	EndGlobalSection
	GlobalSection(ExtensibilityGlobals) = postSolution
		SolutionGuid = {8BBE05D8-4675-41B4-92FA-75483371A65D}
	EndGlobalSection
EndGlobal
